PODS:
  - Keith (0.2.5)
  - PhoneNumberKit (1.2.2):
    - PhoneNumberKit/PhoneNumberKitCore (= 1.2.2)
    - PhoneNumberKit/UIKit (= 1.2.2)
  - PhoneNumberKit/PhoneNumberKitCore (1.2.2)
  - PhoneNumberKit/UIKit (1.2.2):
    - PhoneNumberKit/PhoneNumberKitCore

DEPENDENCIES:
  - Keith
  - PhoneNumberKit (~> 1.2)

SPEC CHECKSUMS:
  Keith: 753c4b532a3f8b174fbca287f9cd4d66e4cc6b06
  PhoneNumberKit: ffae8f18fb78c1425c7af973711b0b0fd4f4104f

PODFILE CHECKSUM: 9a5efa85de5f4011683694646613a3e558640a50

COCOAPODS: 1.1.1
